// !$*UTF8*$!
{
	archiveVersion = 1;
	classes = {
	};
	objectVersion = 55;
	objects = {

/* Begin PBXBuildFile section */
		1028F105287F8C6000277307 /* CrosswordStructureViewController.swift in Sources */ = {isa = PBXBuildFile; fileRef = 1028F104287F8C6000277307 /* CrosswordStructureViewController.swift */; };
		1028F107287FA1F400277307 /* CrosswordBox.swift in Sources */ = {isa = PBXBuildFile; fileRef = 1028F106287FA1F400277307 /* CrosswordBox.swift */; };
		1028F109287FABDC00277307 /* SelectWordSetViewController.swift in Sources */ = {isa = PBXBuildFile; fileRef = 1028F108287FABDC00277307 /* SelectWordSetViewController.swift */; };
		1028F10D287FD2B600277307 /* words2.txt in Resources */ = {isa = PBXBuildFile; fileRef = 1028F10C287FD2B600277307 /* words2.txt */; };
		1077849D289A212300602068 /* WordSetDetailTableViewController.swift in Sources */ = {isa = PBXBuildFile; fileRef = 1077849C289A212300602068 /* WordSetDetailTableViewController.swift */; };
		1087CB11287E089E007EFF6B /* AppDelegate.swift in Sources */ = {isa = PBXBuildFile; fileRef = 1087CB10287E089E007EFF6B /* AppDelegate.swift */; };
		1087CB13287E089E007EFF6B /* SceneDelegate.swift in Sources */ = {isa = PBXBuildFile; fileRef = 1087CB12287E089E007EFF6B /* SceneDelegate.swift */; };
		1087CB18287E089E007EFF6B /* Main.storyboard in Resources */ = {isa = PBXBuildFile; fileRef = 1087CB16287E089E007EFF6B /* Main.storyboard */; };
		1087CB1A287E08A1007EFF6B /* Assets.xcassets in Resources */ = {isa = PBXBuildFile; fileRef = 1087CB19287E08A1007EFF6B /* Assets.xcassets */; };
		1087CB1D287E08A1007EFF6B /* LaunchScreen.storyboard in Resources */ = {isa = PBXBuildFile; fileRef = 1087CB1B287E08A1007EFF6B /* LaunchScreen.storyboard */; };
		1087CB26287E0EA1007EFF6B /* Variable.swift in Sources */ = {isa = PBXBuildFile; fileRef = 1087CB25287E0EA1007EFF6B /* Variable.swift */; };
		10E29654287FF43400DDE43E /* WordSet.swift in Sources */ = {isa = PBXBuildFile; fileRef = 10E29653287FF43400DDE43E /* WordSet.swift */; };
		10E296592882821600DDE43E /* Crossword.swift in Sources */ = {isa = PBXBuildFile; fileRef = 10E296582882821600DDE43E /* Crossword.swift */; };
		10E2965B2882977A00DDE43E /* CrosswordCreator.swift in Sources */ = {isa = PBXBuildFile; fileRef = 10E2965A2882977900DDE43E /* CrosswordCreator.swift */; };
		10E2965D2882B60500DDE43E /* CrosswordBoxCell.swift in Sources */ = {isa = PBXBuildFile; fileRef = 10E2965C2882B60500DDE43E /* CrosswordBoxCell.swift */; };
/* End PBXBuildFile section */

/* Begin PBXFileReference section */
		1028F104287F8C6000277307 /* CrosswordStructureViewController.swift */ = {isa = PBXFileReference; lastKnownFileType = sourcecode.swift; path = CrosswordStructureViewController.swift; sourceTree = "<group>"; };
		1028F106287FA1F400277307 /* CrosswordBox.swift */ = {isa = PBXFileReference; lastKnownFileType = sourcecode.swift; path = CrosswordBox.swift; sourceTree = "<group>"; };
		1028F108287FABDC00277307 /* SelectWordSetViewController.swift */ = {isa = PBXFileReference; lastKnownFileType = sourcecode.swift; path = SelectWordSetViewController.swift; sourceTree = "<group>"; };
		1028F10C287FD2B600277307 /* words2.txt */ = {isa = PBXFileReference; fileEncoding = 4; lastKnownFileType = text; path = words2.txt; sourceTree = "<group>"; };
		1077849C289A212300602068 /* WordSetDetailTableViewController.swift */ = {isa = PBXFileReference; lastKnownFileType = sourcecode.swift; path = WordSetDetailTableViewController.swift; sourceTree = "<group>"; };
		1087CB0D287E089E007EFF6B /* AICrosswordSolver.app */ = {isa = PBXFileReference; explicitFileType = wrapper.application; includeInIndex = 0; path = AICrosswordSolver.app; sourceTree = BUILT_PRODUCTS_DIR; };
		1087CB10287E089E007EFF6B /* AppDelegate.swift */ = {isa = PBXFileReference; lastKnownFileType = sourcecode.swift; path = AppDelegate.swift; sourceTree = "<group>"; };
		1087CB12287E089E007EFF6B /* SceneDelegate.swift */ = {isa = PBXFileReference; lastKnownFileType = sourcecode.swift; path = SceneDelegate.swift; sourceTree = "<group>"; };
		1087CB17287E089E007EFF6B /* Base */ = {isa = PBXFileReference; lastKnownFileType = file.storyboard; name = Base; path = Base.lproj/Main.storyboard; sourceTree = "<group>"; };
		1087CB19287E08A1007EFF6B /* Assets.xcassets */ = {isa = PBXFileReference; lastKnownFileType = folder.assetcatalog; path = Assets.xcassets; sourceTree = "<group>"; };
		1087CB1C287E08A1007EFF6B /* Base */ = {isa = PBXFileReference; lastKnownFileType = file.storyboard; name = Base; path = Base.lproj/LaunchScreen.storyboard; sourceTree = "<group>"; };
		1087CB1E287E08A1007EFF6B /* Info.plist */ = {isa = PBXFileReference; lastKnownFileType = text.plist.xml; path = Info.plist; sourceTree = "<group>"; };
		1087CB25287E0EA1007EFF6B /* Variable.swift */ = {isa = PBXFileReference; lastKnownFileType = sourcecode.swift; path = Variable.swift; sourceTree = "<group>"; };
		10E29653287FF43400DDE43E /* WordSet.swift */ = {isa = PBXFileReference; lastKnownFileType = sourcecode.swift; path = WordSet.swift; sourceTree = "<group>"; };
		10E296582882821600DDE43E /* Crossword.swift */ = {isa = PBXFileReference; lastKnownFileType = sourcecode.swift; path = Crossword.swift; sourceTree = "<group>"; };
		10E2965A2882977900DDE43E /* CrosswordCreator.swift */ = {isa = PBXFileReference; lastKnownFileType = sourcecode.swift; path = CrosswordCreator.swift; sourceTree = "<group>"; };
		10E2965C2882B60500DDE43E /* CrosswordBoxCell.swift */ = {isa = PBXFileReference; lastKnownFileType = sourcecode.swift; path = CrosswordBoxCell.swift; sourceTree = "<group>"; };
/* End PBXFileReference section */

/* Begin PBXFrameworksBuildPhase section */
		1087CB0A287E089E007EFF6B /* Frameworks */ = {
			isa = PBXFrameworksBuildPhase;
			buildActionMask = 2147483647;
			files = (
			);
			runOnlyForDeploymentPostprocessing = 0;
		};
/* End PBXFrameworksBuildPhase section */

/* Begin PBXGroup section */
		1087CB04287E089E007EFF6B = {
			isa = PBXGroup;
			children = (
				1087CB0F287E089E007EFF6B /* AICrosswordSolver */,
				1087CB0E287E089E007EFF6B /* Products */,
			);
			sourceTree = "<group>";
		};
		1087CB0E287E089E007EFF6B /* Products */ = {
			isa = PBXGroup;
			children = (
				1087CB0D287E089E007EFF6B /* AICrosswordSolver.app */,
			);
			name = Products;
			sourceTree = "<group>";
		};
		1087CB0F287E089E007EFF6B /* AICrosswordSolver */ = {
			isa = PBXGroup;
			children = (
				1087CB10287E089E007EFF6B /* AppDelegate.swift */,
				1028F10C287FD2B600277307 /* words2.txt */,
				1087CB12287E089E007EFF6B /* SceneDelegate.swift */,
				10E29655287FF6A800DDE43E /* Custom Views */,
				1087CB24287E0E93007EFF6B /* Models */,
				1087CB16287E089E007EFF6B /* Main.storyboard */,
				1028F104287F8C6000277307 /* CrosswordStructureViewController.swift */,
				1028F108287FABDC00277307 /* SelectWordSetViewController.swift */,
				1077849C289A212300602068 /* WordSetDetailTableViewController.swift */,
				1087CB19287E08A1007EFF6B /* Assets.xcassets */,
				1087CB1B287E08A1007EFF6B /* LaunchScreen.storyboard */,
				1087CB1E287E08A1007EFF6B /* Info.plist */,
			);
			path = AICrosswordSolver;
			sourceTree = "<group>";
		};
		1087CB24287E0E93007EFF6B /* Models */ = {
			isa = PBXGroup;
			children = (
				1087CB25287E0EA1007EFF6B /* Variable.swift */,
				1028F106287FA1F400277307 /* CrosswordBox.swift */,
				10E29653287FF43400DDE43E /* WordSet.swift */,
				10E296582882821600DDE43E /* Crossword.swift */,
				10E2965A2882977900DDE43E /* CrosswordCreator.swift */,
			);
			path = Models;
			sourceTree = "<group>";
		};
		10E29655287FF6A800DDE43E /* Custom Views */ = {
			isa = PBXGroup;
			children = (
				10E2965C2882B60500DDE43E /* CrosswordBoxCell.swift */,
			);
			path = "Custom Views";
			sourceTree = "<group>";
		};
/* End PBXGroup section */

/* Begin PBXNativeTarget section */
		1087CB0C287E089E007EFF6B /* AICrosswordSolver */ = {
			isa = PBXNativeTarget;
			buildConfigurationList = 1087CB21287E08A1007EFF6B /* Build configuration list for PBXNativeTarget "AICrosswordSolver" */;
			buildPhases = (
				1087CB09287E089E007EFF6B /* Sources */,
				1087CB0A287E089E007EFF6B /* Frameworks */,
				1087CB0B287E089E007EFF6B /* Resources */,
			);
			buildRules = (
			);
			dependencies = (
			);
			name = AICrosswordSolver;
			productName = AICrosswordSolver;
			productReference = 1087CB0D287E089E007EFF6B /* AICrosswordSolver.app */;
			productType = "com.apple.product-type.application";
		};
/* End PBXNativeTarget section */

/* Begin PBXProject section */
		1087CB05287E089E007EFF6B /* Project object */ = {
			isa = PBXProject;
			attributes = {
				BuildIndependentTargetsInParallel = 1;
				LastSwiftUpdateCheck = 1340;
				LastUpgradeCheck = 1340;
				TargetAttributes = {
					1087CB0C287E089E007EFF6B = {
						CreatedOnToolsVersion = 13.4.1;
					};
				};
			};
			buildConfigurationList = 1087CB08287E089E007EFF6B /* Build configuration list for PBXProject "AICrosswordSolver" */;
			compatibilityVersion = "Xcode 13.0";
			developmentRegion = en;
			hasScannedForEncodings = 0;
			knownRegions = (
				en,
				Base,
			);
			mainGroup = 1087CB04287E089E007EFF6B;
			productRefGroup = 1087CB0E287E089E007EFF6B /* Products */;
			projectDirPath = "";
			projectRoot = "";
			targets = (
				1087CB0C287E089E007EFF6B /* AICrosswordSolver */,
			);
		};
/* End PBXProject section */

/* Begin PBXResourcesBuildPhase section */
		1087CB0B287E089E007EFF6B /* Resources */ = {
			isa = PBXResourcesBuildPhase;
			buildActionMask = 2147483647;
			files = (
				1087CB1D287E08A1007EFF6B /* LaunchScreen.storyboard in Resources */,
				1028F10D287FD2B600277307 /* words2.txt in Resources */,
				1087CB1A287E08A1007EFF6B /* Assets.xcassets in Resources */,
				1087CB18287E089E007EFF6B /* Main.storyboard in Resources */,
			);
			runOnlyForDeploymentPostprocessing = 0;
		};
/* End PBXResourcesBuildPhase section */

/* Begin PBXSourcesBuildPhase section */
		1087CB09287E089E007EFF6B /* Sources */ = {
			isa = PBXSourcesBuildPhase;
			buildActionMask = 2147483647;
			files = (
				10E2965D2882B60500DDE43E /* CrosswordBoxCell.swift in Sources */,
				10E296592882821600DDE43E /* Crossword.swift in Sources */,
				1028F107287FA1F400277307 /* CrosswordBox.swift in Sources */,
				1087CB11287E089E007EFF6B /* AppDelegate.swift in Sources */,
				1087CB13287E089E007EFF6B /* SceneDelegate.swift in Sources */,
				10E29654287FF43400DDE43E /* WordSet.swift in Sources */,
				10E2965B2882977A00DDE43E /* CrosswordCreator.swift in Sources */,
				1087CB26287E0EA1007EFF6B /* Variable.swift in Sources */,
				1077849D289A212300602068 /* WordSetDetailTableViewController.swift in Sources */,
				1028F105287F8C6000277307 /* CrosswordStructureViewController.swift in Sources */,
				1028F109287FABDC00277307 /* SelectWordSetViewController.swift in Sources */,
			);
			runOnlyForDeploymentPostprocessing = 0;
		};
/* End PBXSourcesBuildPhase section */

/* Begin PBXVariantGroup section */
		1087CB16287E089E007EFF6B /* Main.storyboard */ = {
			isa = PBXVariantGroup;
			children = (
				1087CB17287E089E007EFF6B /* Base */,
			);
			name = Main.storyboard;
			sourceTree = "<group>";
		};
		1087CB1B287E08A1007EFF6B /* LaunchScreen.storyboard */ = {
			isa = PBXVariantGroup;
			children = (
				1087CB1C287E08A1007EFF6B /* Base */,
			);
			name = LaunchScreen.storyboard;
			sourceTree = "<group>";
		};
/* End PBXVariantGroup section */

/* Begin XCBuildConfiguration section */
		1087CB1F287E08A1007EFF6B /* Debug */ = {
			isa = XCBuildConfiguration;
			buildSettings = {
				ALWAYS_SEARCH_USER_PATHS = NO;
				CLANG_ANALYZER_NONNULL = YES;
				CLANG_ANALYZER_NUMBER_OBJECT_CONVERSION = YES_AGGRESSIVE;
				CLANG_CXX_LANGUAGE_STANDARD = "gnu++17";
				CLANG_ENABLE_MODULES = YES;
				CLANG_ENABLE_OBJC_ARC = YES;
				CLANG_ENABLE_OBJC_WEAK = YES;
				CLANG_WARN_BLOCK_CAPTURE_AUTORELEASING = YES;
				CLANG_WARN_BOOL_CONVERSION = YES;
				CLANG_WARN_COMMA = YES;
				CLANG_WARN_CONSTANT_CONVERSION = YES;
				CLANG_WARN_DEPRECATED_OBJC_IMPLEMENTATIONS = YES;
				CLANG_WARN_DIRECT_OBJC_ISA_USAGE = YES_ERROR;
				CLANG_WARN_DOCUMENTATION_COMMENTS = YES;
				CLANG_WARN_EMPTY_BODY = YES;
				CLANG_WARN_ENUM_CONVERSION = YES;
				CLANG_WARN_INFINITE_RECURSION = YES;
				CLANG_WARN_INT_CONVERSION = YES;
				CLANG_WARN_NON_LITERAL_NULL_CONVERSION = YES;
				CLANG_WARN_OBJC_IMPLICIT_RETAIN_SELF = YES;
				CLANG_WARN_OBJC_LITERAL_CONVERSION = YES;
				CLANG_WARN_OBJC_ROOT_CLASS = YES_ERROR;
				CLANG_WARN_QUOTED_INCLUDE_IN_FRAMEWORK_HEADER = YES;
				CLANG_WARN_RANGE_LOOP_ANALYSIS = YES;
				CLANG_WARN_STRICT_PROTOTYPES = YES;
				CLANG_WARN_SUSPICIOUS_MOVE = YES;
				CLANG_WARN_UNGUARDED_AVAILABILITY = YES_AGGRESSIVE;
				CLANG_WARN_UNREACHABLE_CODE = YES;
				CLANG_WARN__DUPLICATE_METHOD_MATCH = YES;
				COPY_PHASE_STRIP = NO;
				DEBUG_INFORMATION_FORMAT = dwarf;
				ENABLE_STRICT_OBJC_MSGSEND = YES;
				ENABLE_TESTABILITY = YES;
				GCC_C_LANGUAGE_STANDARD = gnu11;
				GCC_DYNAMIC_NO_PIC = NO;
				GCC_NO_COMMON_BLOCKS = YES;
				GCC_OPTIMIZATION_LEVEL = 0;
				GCC_PREPROCESSOR_DEFINITIONS = (
					"DEBUG=1",
					"$(inherited)",
				);
				GCC_WARN_64_TO_32_BIT_CONVERSION = YES;
				GCC_WARN_ABOUT_RETURN_TYPE = YES_ERROR;
				GCC_WARN_UNDECLARED_SELECTOR = YES;
				GCC_WARN_UNINITIALIZED_AUTOS = YES_AGGRESSIVE;
				GCC_WARN_UNUSED_FUNCTION = YES;
				GCC_WARN_UNUSED_VARIABLE = YES;
				IPHONEOS_DEPLOYMENT_TARGET = 15.5;
				MTL_ENABLE_DEBUG_INFO = INCLUDE_SOURCE;
				MTL_FAST_MATH = YES;
				ONLY_ACTIVE_ARCH = YES;
				SDKROOT = iphoneos;
				SWIFT_ACTIVE_COMPILATION_CONDITIONS = DEBUG;
				SWIFT_OPTIMIZATION_LEVEL = "-Onone";
			};
			name = Debug;
		};
		1087CB20287E08A1007EFF6B /* Release */ = {
			isa = XCBuildConfiguration;
			buildSettings = {
				ALWAYS_SEARCH_USER_PATHS = NO;
				CLANG_ANALYZER_NONNULL = YES;
				CLANG_ANALYZER_NUMBER_OBJECT_CONVERSION = YES_AGGRESSIVE;
				CLANG_CXX_LANGUAGE_STANDARD = "gnu++17";
				CLANG_ENABLE_MODULES = YES;
				CLANG_ENABLE_OBJC_ARC = YES;
				CLANG_ENABLE_OBJC_WEAK = YES;
				CLANG_WARN_BLOCK_CAPTURE_AUTORELEASING = YES;
				CLANG_WARN_BOOL_CONVERSION = YES;
				CLANG_WARN_COMMA = YES;
				CLANG_WARN_CONSTANT_CONVERSION = YES;
				CLANG_WARN_DEPRECATED_OBJC_IMPLEMENTATIONS = YES;
				CLANG_WARN_DIRECT_OBJC_ISA_USAGE = YES_ERROR;
				CLANG_WARN_DOCUMENTATION_COMMENTS = YES;
				CLANG_WARN_EMPTY_BODY = YES;
				CLANG_WARN_ENUM_CONVERSION = YES;
				CLANG_WARN_INFINITE_RECURSION = YES;
				CLANG_WARN_INT_CONVERSION = YES;
				CLANG_WARN_NON_LITERAL_NULL_CONVERSION = YES;
				CLANG_WARN_OBJC_IMPLICIT_RETAIN_SELF = YES;
				CLANG_WARN_OBJC_LITERAL_CONVERSION = YES;
				CLANG_WARN_OBJC_ROOT_CLASS = YES_ERROR;
				CLANG_WARN_QUOTED_INCLUDE_IN_FRAMEWORK_HEADER = YES;
				CLANG_WARN_RANGE_LOOP_ANALYSIS = YES;
				CLANG_WARN_STRICT_PROTOTYPES = YES;
				CLANG_WARN_SUSPICIOUS_MOVE = YES;
				CLANG_WARN_UNGUARDED_AVAILABILITY = YES_AGGRESSIVE;
				CLANG_WARN_UNREACHABLE_CODE = YES;
				CLANG_WARN__DUPLICATE_METHOD_MATCH = YES;
				COPY_PHASE_STRIP = NO;
				DEBUG_INFORMATION_FORMAT = "dwarf-with-dsym";
				ENABLE_NS_ASSERTIONS = NO;
				ENABLE_STRICT_OBJC_MSGSEND = YES;
				GCC_C_LANGUAGE_STANDARD = gnu11;
				GCC_NO_COMMON_BLOCKS = YES;
				GCC_WARN_64_TO_32_BIT_CONVERSION = YES;
				GCC_WARN_ABOUT_RETURN_TYPE = YES_ERROR;
				GCC_WARN_UNDECLARED_SELECTOR = YES;
				GCC_WARN_UNINITIALIZED_AUTOS = YES_AGGRESSIVE;
				GCC_WARN_UNUSED_FUNCTION = YES;
				GCC_WARN_UNUSED_VARIABLE = YES;
				IPHONEOS_DEPLOYMENT_TARGET = 15.5;
				MTL_ENABLE_DEBUG_INFO = NO;
				MTL_FAST_MATH = YES;
				SDKROOT = iphoneos;
				SWIFT_COMPILATION_MODE = wholemodule;
				SWIFT_OPTIMIZATION_LEVEL = "-O";
				VALIDATE_PRODUCT = YES;
			};
			name = Release;
		};
		1087CB22287E08A1007EFF6B /* Debug */ = {
			isa = XCBuildConfiguration;
			buildSettings = {
				ASSETCATALOG_COMPILER_APPICON_NAME = AppIcon;
				ASSETCATALOG_COMPILER_GLOBAL_ACCENT_COLOR_NAME = AccentColor;
				CODE_SIGN_STYLE = Automatic;
				CURRENT_PROJECT_VERSION = 1;
				DEVELOPMENT_TEAM = TJ5DCYZ654;
				GENERATE_INFOPLIST_FILE = YES;
				INFOPLIST_FILE = AICrosswordSolver/Info.plist;
				INFOPLIST_KEY_UIApplicationSupportsIndirectInputEvents = YES;
				INFOPLIST_KEY_UILaunchStoryboardName = LaunchScreen;
				INFOPLIST_KEY_UIMainStoryboardFile = Main;
				INFOPLIST_KEY_UISupportedInterfaceOrientations_iPad = "UIInterfaceOrientationPortrait UIInterfaceOrientationPortraitUpsideDown UIInterfaceOrientationLandscapeLeft UIInterfaceOrientationLandscapeRight";
				INFOPLIST_KEY_UISupportedInterfaceOrientations_iPhone = "UIInterfaceOrientationPortrait UIInterfaceOrientationLandscapeLeft UIInterfaceOrientationLandscapeRight";
				LD_RUNPATH_SEARCH_PATHS = (
					"$(inherited)",
					"@executable_path/Frameworks",
				);
				MARKETING_VERSION = 1.0;
				PRODUCT_BUNDLE_IDENTIFIER = com.arin.AICrosswordSolver;
				PRODUCT_NAME = "$(TARGET_NAME)";
				SWIFT_EMIT_LOC_STRINGS = YES;
				SWIFT_VERSION = 5.0;
				TARGETED_DEVICE_FAMILY = "1,2";
			};
			name = Debug;
		};
		1087CB23287E08A1007EFF6B /* Release */ = {
			isa = XCBuildConfiguration;
			buildSettings = {
				ASSETCATALOG_COMPILER_APPICON_NAME = AppIcon;
				ASSETCATALOG_COMPILER_GLOBAL_ACCENT_COLOR_NAME = AccentColor;
				CODE_SIGN_STYLE = Automatic;
				CURRENT_PROJECT_VERSION = 1;
				DEVELOPMENT_TEAM = TJ5DCYZ654;
				GENERATE_INFOPLIST_FILE = YES;
				INFOPLIST_FILE = AICrosswordSolver/Info.plist;
				INFOPLIST_KEY_UIApplicationSupportsIndirectInputEvents = YES;
				INFOPLIST_KEY_UILaunchStoryboardName = LaunchScreen;
				INFOPLIST_KEY_UIMainStoryboardFile = Main;
				INFOPLIST_KEY_UISupportedInterfaceOrientations_iPad = "UIInterfaceOrientationPortrait UIInterfaceOrientationPortraitUpsideDown UIInterfaceOrientationLandscapeLeft UIInterfaceOrientationLandscapeRight";
				INFOPLIST_KEY_UISupportedInterfaceOrientations_iPhone = "UIInterfaceOrientationPortrait UIInterfaceOrientationLandscapeLeft UIInterfaceOrientationLandscapeRight";
				LD_RUNPATH_SEARCH_PATHS = (
					"$(inherited)",
					"@executable_path/Frameworks",
				);
				MARKETING_VERSION = 1.0;
				PRODUCT_BUNDLE_IDENTIFIER = com.arin.AICrosswordSolver;
				PRODUCT_NAME = "$(TARGET_NAME)";
				SWIFT_EMIT_LOC_STRINGS = YES;
				SWIFT_VERSION = 5.0;
				TARGETED_DEVICE_FAMILY = "1,2";
			};
			name = Release;
		};
/* End XCBuildConfiguration section */

/* Begin XCConfigurationList section */
		1087CB08287E089E007EFF6B /* Build configuration list for PBXProject "AICrosswordSolver" */ = {
			isa = XCConfigurationList;
			buildConfigurations = (
				1087CB1F287E08A1007EFF6B /* Debug */,
				1087CB20287E08A1007EFF6B /* Release */,
			);
			defaultConfigurationIsVisible = 0;
			defaultConfigurationName = Release;
		};
		1087CB21287E08A1007EFF6B /* Build configuration list for PBXNativeTarget "AICrosswordSolver" */ = {
			isa = XCConfigurationList;
			buildConfigurations = (
				1087CB22287E08A1007EFF6B /* Debug */,
				1087CB23287E08A1007EFF6B /* Release */,
			);
			defaultConfigurationIsVisible = 0;
			defaultConfigurationName = Release;
		};
/* End XCConfigurationList section */
	};
	rootObject = 1087CB05287E089E007EFF6B /* Project object */;
}
