// !$*UTF8*$!
{
	archiveVersion = 1;
	classes = {
	};
	objectVersion = 50;
	objects = {

/* Begin PBXBuildFile section */
		109E802224D757A6008B240A /* PhotoDatePickerViewController.swift in Sources */ = {isa = PBXBuildFile; fileRef = 109E802124D757A6008B240A /* PhotoDatePickerViewController.swift */; };
		10DA2FD024D28508005F1E3B /* AppDelegate.swift in Sources */ = {isa = PBXBuildFile; fileRef = 10DA2FCF24D28508005F1E3B /* AppDelegate.swift */; };
		10DA2FD224D28508005F1E3B /* SceneDelegate.swift in Sources */ = {isa = PBXBuildFile; fileRef = 10DA2FD124D28508005F1E3B /* SceneDelegate.swift */; };
		10DA2FD424D28509005F1E3B /* PhotoDetailViewController.swift in Sources */ = {isa = PBXBuildFile; fileRef = 10DA2FD324D28509005F1E3B /* PhotoDetailViewController.swift */; };
		10DA2FD724D28509005F1E3B /* Main.storyboard in Resources */ = {isa = PBXBuildFile; fileRef = 10DA2FD524D28509005F1E3B /* Main.storyboard */; };
		10DA2FD924D2850D005F1E3B /* Assets.xcassets in Resources */ = {isa = PBXBuildFile; fileRef = 10DA2FD824D2850D005F1E3B /* Assets.xcassets */; };
		10DA2FDC24D2850D005F1E3B /* LaunchScreen.storyboard in Resources */ = {isa = PBXBuildFile; fileRef = 10DA2FDA24D2850D005F1E3B /* LaunchScreen.storyboard */; };
		10DA2FE424D29298005F1E3B /* PhotoInfo.swift in Sources */ = {isa = PBXBuildFile; fileRef = 10DA2FE324D29298005F1E3B /* PhotoInfo.swift */; };
		10DA2FE624D2933D005F1E3B /* URL+Helpers.swift in Sources */ = {isa = PBXBuildFile; fileRef = 10DA2FE524D2933D005F1E3B /* URL+Helpers.swift */; };
		10DA2FE824D29365005F1E3B /* PhotoInfoController.swift in Sources */ = {isa = PBXBuildFile; fileRef = 10DA2FE724D29365005F1E3B /* PhotoInfoController.swift */; };
/* End PBXBuildFile section */

/* Begin PBXFileReference section */
		109E802124D757A6008B240A /* PhotoDatePickerViewController.swift */ = {isa = PBXFileReference; lastKnownFileType = sourcecode.swift; path = PhotoDatePickerViewController.swift; sourceTree = "<group>"; };
		10DA2FCC24D28508005F1E3B /* SpacePhoto.app */ = {isa = PBXFileReference; explicitFileType = wrapper.application; includeInIndex = 0; path = SpacePhoto.app; sourceTree = BUILT_PRODUCTS_DIR; };
		10DA2FCF24D28508005F1E3B /* AppDelegate.swift */ = {isa = PBXFileReference; lastKnownFileType = sourcecode.swift; path = AppDelegate.swift; sourceTree = "<group>"; };
		10DA2FD124D28508005F1E3B /* SceneDelegate.swift */ = {isa = PBXFileReference; lastKnownFileType = sourcecode.swift; path = SceneDelegate.swift; sourceTree = "<group>"; };
		10DA2FD324D28509005F1E3B /* PhotoDetailViewController.swift */ = {isa = PBXFileReference; lastKnownFileType = sourcecode.swift; path = PhotoDetailViewController.swift; sourceTree = "<group>"; };
		10DA2FD624D28509005F1E3B /* Base */ = {isa = PBXFileReference; lastKnownFileType = file.storyboard; name = Base; path = Base.lproj/Main.storyboard; sourceTree = "<group>"; };
		10DA2FD824D2850D005F1E3B /* Assets.xcassets */ = {isa = PBXFileReference; lastKnownFileType = folder.assetcatalog; path = Assets.xcassets; sourceTree = "<group>"; };
		10DA2FDB24D2850D005F1E3B /* Base */ = {isa = PBXFileReference; lastKnownFileType = file.storyboard; name = Base; path = Base.lproj/LaunchScreen.storyboard; sourceTree = "<group>"; };
		10DA2FDD24D2850D005F1E3B /* Info.plist */ = {isa = PBXFileReference; lastKnownFileType = text.plist.xml; path = Info.plist; sourceTree = "<group>"; };
		10DA2FE324D29298005F1E3B /* PhotoInfo.swift */ = {isa = PBXFileReference; lastKnownFileType = sourcecode.swift; path = PhotoInfo.swift; sourceTree = "<group>"; };
		10DA2FE524D2933D005F1E3B /* URL+Helpers.swift */ = {isa = PBXFileReference; lastKnownFileType = sourcecode.swift; path = "URL+Helpers.swift"; sourceTree = "<group>"; };
		10DA2FE724D29365005F1E3B /* PhotoInfoController.swift */ = {isa = PBXFileReference; lastKnownFileType = sourcecode.swift; path = PhotoInfoController.swift; sourceTree = "<group>"; };
/* End PBXFileReference section */

/* Begin PBXFrameworksBuildPhase section */
		10DA2FC924D28508005F1E3B /* Frameworks */ = {
			isa = PBXFrameworksBuildPhase;
			buildActionMask = 2147483647;
			files = (
			);
			runOnlyForDeploymentPostprocessing = 0;
		};
/* End PBXFrameworksBuildPhase section */

/* Begin PBXGroup section */
		10DA2FC324D28508005F1E3B = {
			isa = PBXGroup;
			children = (
				10DA2FCE24D28508005F1E3B /* SpacePhoto */,
				10DA2FCD24D28508005F1E3B /* Products */,
			);
			sourceTree = "<group>";
		};
		10DA2FCD24D28508005F1E3B /* Products */ = {
			isa = PBXGroup;
			children = (
				10DA2FCC24D28508005F1E3B /* SpacePhoto.app */,
			);
			name = Products;
			sourceTree = "<group>";
		};
		10DA2FCE24D28508005F1E3B /* SpacePhoto */ = {
			isa = PBXGroup;
			children = (
				10DA2FCF24D28508005F1E3B /* AppDelegate.swift */,
				10DA2FD124D28508005F1E3B /* SceneDelegate.swift */,
				10DA2FD324D28509005F1E3B /* PhotoDetailViewController.swift */,
				109E802124D757A6008B240A /* PhotoDatePickerViewController.swift */,
				10DA2FE324D29298005F1E3B /* PhotoInfo.swift */,
				10DA2FE524D2933D005F1E3B /* URL+Helpers.swift */,
				10DA2FE724D29365005F1E3B /* PhotoInfoController.swift */,
				10DA2FD524D28509005F1E3B /* Main.storyboard */,
				10DA2FD824D2850D005F1E3B /* Assets.xcassets */,
				10DA2FDA24D2850D005F1E3B /* LaunchScreen.storyboard */,
				10DA2FDD24D2850D005F1E3B /* Info.plist */,
			);
			path = SpacePhoto;
			sourceTree = "<group>";
		};
/* End PBXGroup section */

/* Begin PBXNativeTarget section */
		10DA2FCB24D28508005F1E3B /* SpacePhoto */ = {
			isa = PBXNativeTarget;
			buildConfigurationList = 10DA2FE024D2850D005F1E3B /* Build configuration list for PBXNativeTarget "SpacePhoto" */;
			buildPhases = (
				10DA2FC824D28508005F1E3B /* Sources */,
				10DA2FC924D28508005F1E3B /* Frameworks */,
				10DA2FCA24D28508005F1E3B /* Resources */,
			);
			buildRules = (
			);
			dependencies = (
			);
			name = SpacePhoto;
			productName = SpacePhoto;
			productReference = 10DA2FCC24D28508005F1E3B /* SpacePhoto.app */;
			productType = "com.apple.product-type.application";
		};
/* End PBXNativeTarget section */

/* Begin PBXProject section */
		10DA2FC424D28508005F1E3B /* Project object */ = {
			isa = PBXProject;
			attributes = {
				LastSwiftUpdateCheck = 1150;
				LastUpgradeCheck = 1150;
				ORGANIZATIONNAME = "Arin Asawa";
				TargetAttributes = {
					10DA2FCB24D28508005F1E3B = {
						CreatedOnToolsVersion = 11.5;
					};
				};
			};
			buildConfigurationList = 10DA2FC724D28508005F1E3B /* Build configuration list for PBXProject "SpacePhoto" */;
			compatibilityVersion = "Xcode 9.3";
			developmentRegion = en;
			hasScannedForEncodings = 0;
			knownRegions = (
				en,
				Base,
			);
			mainGroup = 10DA2FC324D28508005F1E3B;
			productRefGroup = 10DA2FCD24D28508005F1E3B /* Products */;
			projectDirPath = "";
			projectRoot = "";
			targets = (
				10DA2FCB24D28508005F1E3B /* SpacePhoto */,
			);
		};
/* End PBXProject section */

/* Begin PBXResourcesBuildPhase section */
		10DA2FCA24D28508005F1E3B /* Resources */ = {
			isa = PBXResourcesBuildPhase;
			buildActionMask = 2147483647;
			files = (
				10DA2FDC24D2850D005F1E3B /* LaunchScreen.storyboard in Resources */,
				10DA2FD924D2850D005F1E3B /* Assets.xcassets in Resources */,
				10DA2FD724D28509005F1E3B /* Main.storyboard in Resources */,
			);
			runOnlyForDeploymentPostprocessing = 0;
		};
/* End PBXResourcesBuildPhase section */

/* Begin PBXSourcesBuildPhase section */
		10DA2FC824D28508005F1E3B /* Sources */ = {
			isa = PBXSourcesBuildPhase;
			buildActionMask = 2147483647;
			files = (
				10DA2FE424D29298005F1E3B /* PhotoInfo.swift in Sources */,
				10DA2FE624D2933D005F1E3B /* URL+Helpers.swift in Sources */,
				10DA2FE824D29365005F1E3B /* PhotoInfoController.swift in Sources */,
				10DA2FD424D28509005F1E3B /* PhotoDetailViewController.swift in Sources */,
				109E802224D757A6008B240A /* PhotoDatePickerViewController.swift in Sources */,
				10DA2FD024D28508005F1E3B /* AppDelegate.swift in Sources */,
				10DA2FD224D28508005F1E3B /* SceneDelegate.swift in Sources */,
			);
			runOnlyForDeploymentPostprocessing = 0;
		};
/* End PBXSourcesBuildPhase section */

/* Begin PBXVariantGroup section */
		10DA2FD524D28509005F1E3B /* Main.storyboard */ = {
			isa = PBXVariantGroup;
			children = (
				10DA2FD624D28509005F1E3B /* Base */,
			);
			name = Main.storyboard;
			sourceTree = "<group>";
		};
		10DA2FDA24D2850D005F1E3B /* LaunchScreen.storyboard */ = {
			isa = PBXVariantGroup;
			children = (
				10DA2FDB24D2850D005F1E3B /* Base */,
			);
			name = LaunchScreen.storyboard;
			sourceTree = "<group>";
		};
/* End PBXVariantGroup section */

/* Begin XCBuildConfiguration section */
		10DA2FDE24D2850D005F1E3B /* Debug */ = {
			isa = XCBuildConfiguration;
			buildSettings = {
				ALWAYS_SEARCH_USER_PATHS = NO;
				CLANG_ANALYZER_NONNULL = YES;
				CLANG_ANALYZER_NUMBER_OBJECT_CONVERSION = YES_AGGRESSIVE;
				CLANG_CXX_LANGUAGE_STANDARD = "gnu++14";
				CLANG_CXX_LIBRARY = "libc++";
				CLANG_ENABLE_MODULES = YES;
				CLANG_ENABLE_OBJC_ARC = YES;
				CLANG_ENABLE_OBJC_WEAK = YES;
				CLANG_WARN_BLOCK_CAPTURE_AUTORELEASING = YES;
				CLANG_WARN_BOOL_CONVERSION = YES;
				CLANG_WARN_COMMA = YES;
				CLANG_WARN_CONSTANT_CONVERSION = YES;
				CLANG_WARN_DEPRECATED_OBJC_IMPLEMENTATIONS = YES;
				CLANG_WARN_DIRECT_OBJC_ISA_USAGE = YES_ERROR;
				CLANG_WARN_DOCUMENTATION_COMMENTS = YES;
				CLANG_WARN_EMPTY_BODY = YES;
				CLANG_WARN_ENUM_CONVERSION = YES;
				CLANG_WARN_INFINITE_RECURSION = YES;
				CLANG_WARN_INT_CONVERSION = YES;
				CLANG_WARN_NON_LITERAL_NULL_CONVERSION = YES;
				CLANG_WARN_OBJC_IMPLICIT_RETAIN_SELF = YES;
				CLANG_WARN_OBJC_LITERAL_CONVERSION = YES;
				CLANG_WARN_OBJC_ROOT_CLASS = YES_ERROR;
				CLANG_WARN_RANGE_LOOP_ANALYSIS = YES;
				CLANG_WARN_STRICT_PROTOTYPES = YES;
				CLANG_WARN_SUSPICIOUS_MOVE = YES;
				CLANG_WARN_UNGUARDED_AVAILABILITY = YES_AGGRESSIVE;
				CLANG_WARN_UNREACHABLE_CODE = YES;
				CLANG_WARN__DUPLICATE_METHOD_MATCH = YES;
				COPY_PHASE_STRIP = NO;
				DEBUG_INFORMATION_FORMAT = dwarf;
				ENABLE_STRICT_OBJC_MSGSEND = YES;
				ENABLE_TESTABILITY = YES;
				GCC_C_LANGUAGE_STANDARD = gnu11;
				GCC_DYNAMIC_NO_PIC = NO;
				GCC_NO_COMMON_BLOCKS = YES;
				GCC_OPTIMIZATION_LEVEL = 0;
				GCC_PREPROCESSOR_DEFINITIONS = (
					"DEBUG=1",
					"$(inherited)",
				);
				GCC_WARN_64_TO_32_BIT_CONVERSION = YES;
				GCC_WARN_ABOUT_RETURN_TYPE = YES_ERROR;
				GCC_WARN_UNDECLARED_SELECTOR = YES;
				GCC_WARN_UNINITIALIZED_AUTOS = YES_AGGRESSIVE;
				GCC_WARN_UNUSED_FUNCTION = YES;
				GCC_WARN_UNUSED_VARIABLE = YES;
				IPHONEOS_DEPLOYMENT_TARGET = 13.5;
				MTL_ENABLE_DEBUG_INFO = INCLUDE_SOURCE;
				MTL_FAST_MATH = YES;
				ONLY_ACTIVE_ARCH = YES;
				SDKROOT = iphoneos;
				SWIFT_ACTIVE_COMPILATION_CONDITIONS = DEBUG;
				SWIFT_OPTIMIZATION_LEVEL = "-Onone";
			};
			name = Debug;
		};
		10DA2FDF24D2850D005F1E3B /* Release */ = {
			isa = XCBuildConfiguration;
			buildSettings = {
				ALWAYS_SEARCH_USER_PATHS = NO;
				CLANG_ANALYZER_NONNULL = YES;
				CLANG_ANALYZER_NUMBER_OBJECT_CONVERSION = YES_AGGRESSIVE;
				CLANG_CXX_LANGUAGE_STANDARD = "gnu++14";
				CLANG_CXX_LIBRARY = "libc++";
				CLANG_ENABLE_MODULES = YES;
				CLANG_ENABLE_OBJC_ARC = YES;
				CLANG_ENABLE_OBJC_WEAK = YES;
				CLANG_WARN_BLOCK_CAPTURE_AUTORELEASING = YES;
				CLANG_WARN_BOOL_CONVERSION = YES;
				CLANG_WARN_COMMA = YES;
				CLANG_WARN_CONSTANT_CONVERSION = YES;
				CLANG_WARN_DEPRECATED_OBJC_IMPLEMENTATIONS = YES;
				CLANG_WARN_DIRECT_OBJC_ISA_USAGE = YES_ERROR;
				CLANG_WARN_DOCUMENTATION_COMMENTS = YES;
				CLANG_WARN_EMPTY_BODY = YES;
				CLANG_WARN_ENUM_CONVERSION = YES;
				CLANG_WARN_INFINITE_RECURSION = YES;
				CLANG_WARN_INT_CONVERSION = YES;
				CLANG_WARN_NON_LITERAL_NULL_CONVERSION = YES;
				CLANG_WARN_OBJC_IMPLICIT_RETAIN_SELF = YES;
				CLANG_WARN_OBJC_LITERAL_CONVERSION = YES;
				CLANG_WARN_OBJC_ROOT_CLASS = YES_ERROR;
				CLANG_WARN_RANGE_LOOP_ANALYSIS = YES;
				CLANG_WARN_STRICT_PROTOTYPES = YES;
				CLANG_WARN_SUSPICIOUS_MOVE = YES;
				CLANG_WARN_UNGUARDED_AVAILABILITY = YES_AGGRESSIVE;
				CLANG_WARN_UNREACHABLE_CODE = YES;
				CLANG_WARN__DUPLICATE_METHOD_MATCH = YES;
				COPY_PHASE_STRIP = NO;
				DEBUG_INFORMATION_FORMAT = "dwarf-with-dsym";
				ENABLE_NS_ASSERTIONS = NO;
				ENABLE_STRICT_OBJC_MSGSEND = YES;
				GCC_C_LANGUAGE_STANDARD = gnu11;
				GCC_NO_COMMON_BLOCKS = YES;
				GCC_WARN_64_TO_32_BIT_CONVERSION = YES;
				GCC_WARN_ABOUT_RETURN_TYPE = YES_ERROR;
				GCC_WARN_UNDECLARED_SELECTOR = YES;
				GCC_WARN_UNINITIALIZED_AUTOS = YES_AGGRESSIVE;
				GCC_WARN_UNUSED_FUNCTION = YES;
				GCC_WARN_UNUSED_VARIABLE = YES;
				IPHONEOS_DEPLOYMENT_TARGET = 13.5;
				MTL_ENABLE_DEBUG_INFO = NO;
				MTL_FAST_MATH = YES;
				SDKROOT = iphoneos;
				SWIFT_COMPILATION_MODE = wholemodule;
				SWIFT_OPTIMIZATION_LEVEL = "-O";
				VALIDATE_PRODUCT = YES;
			};
			name = Release;
		};
		10DA2FE124D2850D005F1E3B /* Debug */ = {
			isa = XCBuildConfiguration;
			buildSettings = {
				ASSETCATALOG_COMPILER_APPICON_NAME = AppIcon;
				CODE_SIGN_STYLE = Automatic;
				DEVELOPMENT_TEAM = TJ5DCYZ654;
				INFOPLIST_FILE = SpacePhoto/Info.plist;
				IPHONEOS_DEPLOYMENT_TARGET = 13.6;
				LD_RUNPATH_SEARCH_PATHS = (
					"$(inherited)",
					"@executable_path/Frameworks",
				);
				PRODUCT_BUNDLE_IDENTIFIER = com.arinasawa.SpacePhoto;
				PRODUCT_NAME = "$(TARGET_NAME)";
				SWIFT_VERSION = 5.0;
				TARGETED_DEVICE_FAMILY = "1,2";
			};
			name = Debug;
		};
		10DA2FE224D2850D005F1E3B /* Release */ = {
			isa = XCBuildConfiguration;
			buildSettings = {
				ASSETCATALOG_COMPILER_APPICON_NAME = AppIcon;
				CODE_SIGN_STYLE = Automatic;
				DEVELOPMENT_TEAM = TJ5DCYZ654;
				INFOPLIST_FILE = SpacePhoto/Info.plist;
				IPHONEOS_DEPLOYMENT_TARGET = 13.6;
				LD_RUNPATH_SEARCH_PATHS = (
					"$(inherited)",
					"@executable_path/Frameworks",
				);
				PRODUCT_BUNDLE_IDENTIFIER = com.arinasawa.SpacePhoto;
				PRODUCT_NAME = "$(TARGET_NAME)";
				SWIFT_VERSION = 5.0;
				TARGETED_DEVICE_FAMILY = "1,2";
			};
			name = Release;
		};
/* End XCBuildConfiguration section */

/* Begin XCConfigurationList section */
		10DA2FC724D28508005F1E3B /* Build configuration list for PBXProject "SpacePhoto" */ = {
			isa = XCConfigurationList;
			buildConfigurations = (
				10DA2FDE24D2850D005F1E3B /* Debug */,
				10DA2FDF24D2850D005F1E3B /* Release */,
			);
			defaultConfigurationIsVisible = 0;
			defaultConfigurationName = Release;
		};
		10DA2FE024D2850D005F1E3B /* Build configuration list for PBXNativeTarget "SpacePhoto" */ = {
			isa = XCConfigurationList;
			buildConfigurations = (
				10DA2FE124D2850D005F1E3B /* Debug */,
				10DA2FE224D2850D005F1E3B /* Release */,
			);
			defaultConfigurationIsVisible = 0;
			defaultConfigurationName = Release;
		};
/* End XCConfigurationList section */
	};
	rootObject = 10DA2FC424D28508005F1E3B /* Project object */;
}
